
Microsoft Visual Studio Solution File, Format Version 12.00
# Visual Studio 15
VisualStudioVersion = 15.0.28307.572
MinimumVisualStudioVersion = 10.0.40219.1
Project("{FAE04EC0-301F-11D3-BF4B-00C04F79EFBC}") = "DemoProject.WebUI", "DemoProject.WebUI\DemoProject.WebUI.csproj", "{80AE8599-58C7-4C37-8044-BBFEFFD356B0}"
EndProject
Project("{FAE04EC0-301F-11D3-BF4B-00C04F79EFBC}") = "DemoProject.UnitTests", "DemoProject.UnitTests\DemoProject.UnitTests.csproj", "{F7DA4531-B0D6-41F9-8809-9773C01AE47A}"
EndProject
Project("{FAE04EC0-301F-11D3-BF4B-00C04F79EFBC}") = "DemoProject.Domain", "DemoProject.Domain\DemoProject.Domain.csproj", "{B896CEA9-24B5-491B-A491-A352B9170C7C}"
EndProject
Project("{FAE04EC0-301F-11D3-BF4B-00C04F79EFBC}") = "DemoProject.Services", "DemoProject.Services\DemoProject.Services.csproj", "{55457C53-1EA8-4812-8C59-C160FB62C409}"
EndProject
Project("{FAE04EC0-301F-11D3-BF4B-00C04F79EFBC}") = "DemoProject.Mapping", "DemoProject.Mapping\DemoProject.Mapping.csproj", "{A98E53F8-3182-4B43-9B63-03466FA7D3F5}"
EndProject
Global
	GlobalSection(Performance) = preSolution
		HasPerformanceSessions = true
	EndGlobalSection
	GlobalSection(SolutionConfigurationPlatforms) = preSolution
		Debug|Any CPU = Debug|Any CPU
		Release|Any CPU = Release|Any CPU
	EndGlobalSection
	GlobalSection(ProjectConfigurationPlatforms) = postSolution
		{80AE8599-58C7-4C37-8044-BBFEFFD356B0}.Debug|Any CPU.ActiveCfg = Debug|Any CPU
		{80AE8599-58C7-4C37-8044-BBFEFFD356B0}.Debug|Any CPU.Build.0 = Debug|Any CPU
		{80AE8599-58C7-4C37-8044-BBFEFFD356B0}.Release|Any CPU.ActiveCfg = Release|Any CPU
		{80AE8599-58C7-4C37-8044-BBFEFFD356B0}.Release|Any CPU.Build.0 = Release|Any CPU
		{F7DA4531-B0D6-41F9-8809-9773C01AE47A}.Debug|Any CPU.ActiveCfg = Debug|Any CPU
		{F7DA4531-B0D6-41F9-8809-9773C01AE47A}.Debug|Any CPU.Build.0 = Debug|Any CPU
		{F7DA4531-B0D6-41F9-8809-9773C01AE47A}.Release|Any CPU.ActiveCfg = Release|Any CPU
		{F7DA4531-B0D6-41F9-8809-9773C01AE47A}.Release|Any CPU.Build.0 = Release|Any CPU
		{B896CEA9-24B5-491B-A491-A352B9170C7C}.Debug|Any CPU.ActiveCfg = Debug|Any CPU
		{B896CEA9-24B5-491B-A491-A352B9170C7C}.Debug|Any CPU.Build.0 = Debug|Any CPU
		{B896CEA9-24B5-491B-A491-A352B9170C7C}.Release|Any CPU.ActiveCfg = Release|Any CPU
		{B896CEA9-24B5-491B-A491-A352B9170C7C}.Release|Any CPU.Build.0 = Release|Any CPU
		{55457C53-1EA8-4812-8C59-C160FB62C409}.Debug|Any CPU.ActiveCfg = Debug|Any CPU
		{55457C53-1EA8-4812-8C59-C160FB62C409}.Debug|Any CPU.Build.0 = Debug|Any CPU
		{55457C53-1EA8-4812-8C59-C160FB62C409}.Release|Any CPU.ActiveCfg = Release|Any CPU
		{55457C53-1EA8-4812-8C59-C160FB62C409}.Release|Any CPU.Build.0 = Release|Any CPU
		{A98E53F8-3182-4B43-9B63-03466FA7D3F5}.Debug|Any CPU.ActiveCfg = Debug|Any CPU
		{A98E53F8-3182-4B43-9B63-03466FA7D3F5}.Debug|Any CPU.Build.0 = Debug|Any CPU
		{A98E53F8-3182-4B43-9B63-03466FA7D3F5}.Release|Any CPU.ActiveCfg = Release|Any CPU
		{A98E53F8-3182-4B43-9B63-03466FA7D3F5}.Release|Any CPU.Build.0 = Release|Any CPU
	EndGlobalSection
	GlobalSection(SolutionProperties) = preSolution
		HideSolutionNode = FALSE
	EndGlobalSection
	GlobalSection(ExtensibilityGlobals) = postSolution
		SolutionGuid = {3309FA26-E2B2-4490-AD3C-6F2B1559655C}
	EndGlobalSection
EndGlobal
